{
  "version": "5",
  "specifiers": {
    "jsr:@std/assert@1": "1.0.15",
    "jsr:@std/internal@^1.0.12": "1.0.12",
    "npm:@types/node@*": "24.2.0",
    "npm:hono@^4.10.4": "4.10.4",
    "npm:postgres@^3.4.7": "3.4.7",
    "npm:ventojs@^2.2.0": "2.2.0"
  },
  "jsr": {
    "@std/assert@1.0.15": {
      "integrity": "d64018e951dbdfab9777335ecdb000c0b4e3df036984083be219ce5941e4703b",
      "dependencies": [
        "jsr:@std/internal"
      ]
    },
    "@std/internal@1.0.12": {
      "integrity": "972a634fd5bc34b242024402972cd5143eac68d8dffaca5eaa4dba30ce17b027"
    }
  },
  "npm": {
    "@types/node@24.2.0": {
      "integrity": "sha512-3xyG3pMCq3oYCNg7/ZP+E1ooTaGB4cG8JWRsqqOYQdbWNY4zbaV0Ennrd7stjiJEFZCaybcIgpTjJWHRfBSIDw==",
      "dependencies": [
        "undici-types"
      ]
    },
    "hono@4.10.4": {
      "integrity": "sha512-YG/fo7zlU3KwrBL5vDpWKisLYiM+nVstBQqfr7gCPbSYURnNEP9BDxEMz8KfsDR9JX0lJWDRNc6nXX31v7ZEyg=="
    },
    "postgres@3.4.7": {
      "integrity": "sha512-Jtc2612XINuBjIl/QTWsV5UvE8UHuNblcO3vVADSrKsrc6RqGX6lOW1cEo3CM2v0XG4Nat8nI+YM7/f26VxXLw=="
    },
    "undici-types@7.10.0": {
      "integrity": "sha512-t5Fy/nfn+14LuOc2KNYg75vZqClpAiqscVvMygNnlsHBFpSXdJaYtXMcdNLpl/Qvc3P2cB3s6lOV51nqsFq4ag=="
    },
    "ventojs@2.2.0": {
      "integrity": "sha512-i3nGAgn+dc+mTfsEplGHCbgA9QNdGchSI3GRF55TWdHHjz2WcHIHH8pQtjpiVP74ZjmqdccO3bC71xpxuwBWgg=="
    }
  },
  "remote": {
    "https://deno.land/x/vento@v2.0.0/core/environment.ts": "2887df049f35b3ef1adef3ff1e72bb961fca4dbacf6a204b4159ca88c90616fd",
    "https://deno.land/x/vento@v2.0.0/core/errors.ts": "8606b682b465d598a394feea135dd2f84033b5ef2a61a23d116ccb782a0a547a",
    "https://deno.land/x/vento@v2.0.0/core/js.ts": "96ab81eb9d5fb7d3d7ab4c5923297ec74250c9a42475a8b79a5e25298c4146ce",
    "https://deno.land/x/vento@v2.0.0/core/reserved.ts": "e3ccafb4e5524b9c51fa14fa0e4bf17fd9bdd791848f17afa2aeb97835c486d1",
    "https://deno.land/x/vento@v2.0.0/core/tokenizer.ts": "460faa3de0e561e5046c46528c8bcbfc46b9de576af7ec8c4a8954a61a80ec76",
    "https://deno.land/x/vento@v2.0.0/loaders/file.ts": "83f579ac39838642bb45c6ddf48c05c08134cdd95fa7364d004fb443e972196a",
    "https://deno.land/x/vento@v2.0.0/mod.ts": "843c0c2ca0120be2075c6935e8c676f2676a7a712c629e341734cdb97561fa11",
    "https://deno.land/x/vento@v2.0.0/plugins/echo.ts": "5672b58a399ca1475953e32c5282321f7430668bbe963ec40c0a6949c3ec2116",
    "https://deno.land/x/vento@v2.0.0/plugins/escape.ts": "874595a4f38637f6678471ca0a505bbbc78e49a573f872173f90e7d5c7d45d2c",
    "https://deno.land/x/vento@v2.0.0/plugins/export.ts": "c1f25c8e1e35027cc21e780f8fb3961febec4771463eb262959fbf035b8b8a63",
    "https://deno.land/x/vento@v2.0.0/plugins/for.ts": "a893a3de2c5cab43d5018cb80718ea46377c172d550e7a8ead076f00c58d59bf",
    "https://deno.land/x/vento@v2.0.0/plugins/function.ts": "aded08ef1c561108aa1fedb185c14cc451c29d991ebf99a8e433f5538fba7fff",
    "https://deno.land/x/vento@v2.0.0/plugins/if.ts": "db13776a5b9e7988f65c27943c344bec7463c5f3162a06cc4da1a313d7109195",
    "https://deno.land/x/vento@v2.0.0/plugins/import.ts": "4555c60768fc061f16c61281c5c6bf163cc5899106d95cdcddde080493372920",
    "https://deno.land/x/vento@v2.0.0/plugins/include.ts": "3c3f8d0b967047110d632de6b17508a8985fbd479d4fe94d929c9883292f1597",
    "https://deno.land/x/vento@v2.0.0/plugins/js.ts": "f5a7fd8cc48cb1b1dc0b396e3d1fee4664cf28932dc5f5f301e38243e0e987dc",
    "https://deno.land/x/vento@v2.0.0/plugins/layout.ts": "cd190bab3849314e7d58e116b0dd878156b08cbe4f44df2fb6d2610317af64ba",
    "https://deno.land/x/vento@v2.0.0/plugins/mod.ts": "017d5bb3e3c80b7f67271cdf8779686f55916070c5d168a143e6a37c35bcd731",
    "https://deno.land/x/vento@v2.0.0/plugins/set.ts": "cf9dfbf68b52039781fd86ec0b9587a8bcd486fdef9f08989719cfdb7fa233d0",
    "https://deno.land/x/vento@v2.0.0/plugins/trim.ts": "8d33271327b09ffd8f569ebde85125b1324fa9538a54d6072ac97a9fb5d24264",
    "https://deno.land/x/vento@v2.0.0/plugins/unescape.ts": "1c56f0310c7757880df7684fc6b7bf9efd27fdb6b929b89626802f5a99cb93ee"
  },
  "workspace": {
    "dependencies": [
      "jsr:@std/assert@1",
      "npm:hono@^4.10.4",
      "npm:postgres@^3.4.7",
      "npm:ventojs@^2.2.0"
    ]
  }
}
